# Generated by pub
# See https://dart.dev/tools/pub/glossary#lockfile
packages: 
  a: 
    dependency: "direct main"
    source: "path"
    version: "0.0.1"
    description: 
      path: "../a"
      relative: true
  async: 
    dependency: "transitive"
    source: "hosted"
    version: "2.5.0-nullsafety.3"
    description: 
      name: "async"
      url: "https://pub.dartlang.org"
  b: 
    dependency: "direct main"
    source: "path"
    version: "0.0.1"
    description: 
      path: "../b"
      relative: true
  boolean_selector: 
    dependency: "transitive"
    source: "hosted"
    version: "2.1.0-nullsafety.3"
    description: 
      name: "boolean_selector"
      url: "https://pub.dartlang.org"
  characters: 
    dependency: "transitive"
    source: "hosted"
    version: "1.1.0-nullsafety.5"
    description: 
      name: "characters"
      url: "https://pub.dartlang.org"
  charcode: 
    dependency: "transitive"
    source: "hosted"
    version: "1.2.0-nullsafety.3"
    description: 
      name: "charcode"
      url: "https://pub.dartlang.org"
  clock: 
    dependency: "transitive"
    source: "hosted"
    version: "1.1.0-nullsafety.3"
    description: 
      name: "clock"
      url: "https://pub.dartlang.org"
  collection: 
    dependency: "transitive"
    source: "hosted"
    version: "1.15.0-nullsafety.5"
    description: 
      name: "collection"
      url: "https://pub.dartlang.org"
  fake_async: 
    dependency: "transitive"
    source: "hosted"
    version: "1.2.0-nullsafety.3"
    description: 
      name: "fake_async"
      url: "https://pub.dartlang.org"
  flutter: 
    dependency: "transitive"
    description: "flutter"
    source: "sdk"
    version: "0.0.0"
  flutter_test: 
    dependency: "direct dev"
    description: "flutter"
    source: "sdk"
    version: "0.0.0"
  freezed_annotation: 
    dependency: "transitive"
    source: "hosted"
    version: "0.12.0"
    description: 
      name: "freezed_annotation"
      url: "https://pub.dartlang.org"
  json_annotation: 
    dependency: "transitive"
    source: "hosted"
    version: "3.1.1"
    description: 
      name: "json_annotation"
      url: "https://pub.dartlang.org"
  main: 
    dependency: "direct main"
    source: "path"
    version: "1.0.0+1"
    description: 
      path: "."
      relative: true
  matcher: 
    dependency: "transitive"
    source: "hosted"
    version: "0.12.10-nullsafety.3"
    description: 
      name: "matcher"
      url: "https://pub.dartlang.org"
  meta: 
    dependency: "transitive"
    source: "hosted"
    version: "1.3.0-nullsafety.6"
    description: 
      name: "meta"
      url: "https://pub.dartlang.org"
  path: 
    dependency: "transitive"
    source: "hosted"
    version: "1.8.0-nullsafety.3"
    description: 
      name: "path"
      url: "https://pub.dartlang.org"
  sky_engine: 
    dependency: "transitive"
    description: "flutter"
    source: "sdk"
    version: "0.0.99"
  source_span: 
    dependency: "transitive"
    source: "hosted"
    version: "1.8.0-nullsafety.4"
    description: 
      name: "source_span"
      url: "https://pub.dartlang.org"
  stack_trace: 
    dependency: "transitive"
    source: "hosted"
    version: "1.10.0-nullsafety.6"
    description: 
      name: "stack_trace"
      url: "https://pub.dartlang.org"
  stream_channel: 
    dependency: "transitive"
    source: "hosted"
    version: "2.1.0-nullsafety.3"
    description: 
      name: "stream_channel"
      url: "https://pub.dartlang.org"
  string_scanner: 
    dependency: "transitive"
    source: "hosted"
    version: "1.1.0-nullsafety.3"
    description: 
      name: "string_scanner"
      url: "https://pub.dartlang.org"
  term_glyph: 
    dependency: "transitive"
    source: "hosted"
    version: "1.2.0-nullsafety.3"
    description: 
      name: "term_glyph"
      url: "https://pub.dartlang.org"
  test_api: 
    dependency: "transitive"
    source: "hosted"
    version: "0.2.19-nullsafety.6"
    description: 
      name: "test_api"
      url: "https://pub.dartlang.org"
  typed_data: 
    dependency: "transitive"
    source: "hosted"
    version: "1.3.0-nullsafety.5"
    description: 
      name: "typed_data"
      url: "https://pub.dartlang.org"
  vector_math: 
    dependency: "transitive"
    source: "hosted"
    version: "2.1.0-nullsafety.5"
    description: 
      name: "vector_math"
      url: "https://pub.dartlang.org"
sdks: 
  dart: ">=2.12.0-0.0 <3.0.0"
