# Generated by pub
# See https://dart.dev/tools/pub/glossary#lockfile
packages: 
  _fe_analyzer_shared: 
    dependency: "transitive"
    source: "hosted"
    version: "13.0.0"
    description: 
      name: "_fe_analyzer_shared"
      url: "https://pub.dartlang.org"
  analyzer: 
    dependency: "transitive"
    source: "hosted"
    version: "0.41.0"
    description: 
      name: "analyzer"
      url: "https://pub.dartlang.org"
  args: 
    dependency: "transitive"
    source: "hosted"
    version: "1.6.0"
    description: 
      name: "args"
      url: "https://pub.dartlang.org"
  async: 
    dependency: "transitive"
    source: "hosted"
    version: "2.5.0-nullsafety.3"
    description: 
      name: "async"
      url: "https://pub.dartlang.org"
  b: 
    dependency: "direct main"
    source: "path"
    version: "0.0.1"
    description: 
      path: "."
      relative: true
  boolean_selector: 
    dependency: "transitive"
    source: "hosted"
    version: "2.1.0-nullsafety.3"
    description: 
      name: "boolean_selector"
      url: "https://pub.dartlang.org"
  charcode: 
    dependency: "transitive"
    source: "hosted"
    version: "1.2.0-nullsafety.3"
    description: 
      name: "charcode"
      url: "https://pub.dartlang.org"
  cli_util: 
    dependency: "transitive"
    source: "hosted"
    version: "0.2.0"
    description: 
      name: "cli_util"
      url: "https://pub.dartlang.org"
  collection: 
    dependency: "transitive"
    source: "hosted"
    version: "1.15.0-nullsafety.5"
    description: 
      name: "collection"
      url: "https://pub.dartlang.org"
  convert: 
    dependency: "transitive"
    source: "hosted"
    version: "2.1.1"
    description: 
      name: "convert"
      url: "https://pub.dartlang.org"
  coverage: 
    dependency: "transitive"
    source: "hosted"
    version: "0.14.2"
    description: 
      name: "coverage"
      url: "https://pub.dartlang.org"
  crypto: 
    dependency: "transitive"
    source: "hosted"
    version: "2.1.5"
    description: 
      name: "crypto"
      url: "https://pub.dartlang.org"
  file: 
    dependency: "transitive"
    source: "hosted"
    version: "5.2.1"
    description: 
      name: "file"
      url: "https://pub.dartlang.org"
  glob: 
    dependency: "transitive"
    source: "hosted"
    version: "1.2.0"
    description: 
      name: "glob"
      url: "https://pub.dartlang.org"
  http_multi_server: 
    dependency: "transitive"
    source: "hosted"
    version: "2.2.0"
    description: 
      name: "http_multi_server"
      url: "https://pub.dartlang.org"
  http_parser: 
    dependency: "transitive"
    source: "hosted"
    version: "3.1.4"
    description: 
      name: "http_parser"
      url: "https://pub.dartlang.org"
  intl: 
    dependency: "transitive"
    source: "hosted"
    version: "0.16.1"
    description: 
      name: "intl"
      url: "https://pub.dartlang.org"
  io: 
    dependency: "transitive"
    source: "hosted"
    version: "0.3.4"
    description: 
      name: "io"
      url: "https://pub.dartlang.org"
  js: 
    dependency: "transitive"
    source: "hosted"
    version: "0.6.3-nullsafety.3"
    description: 
      name: "js"
      url: "https://pub.dartlang.org"
  logging: 
    dependency: "transitive"
    source: "hosted"
    version: "0.11.4"
    description: 
      name: "logging"
      url: "https://pub.dartlang.org"
  matcher: 
    dependency: "transitive"
    source: "hosted"
    version: "0.12.10-nullsafety.3"
    description: 
      name: "matcher"
      url: "https://pub.dartlang.org"
  meta: 
    dependency: "transitive"
    source: "hosted"
    version: "1.3.0-nullsafety.6"
    description: 
      name: "meta"
      url: "https://pub.dartlang.org"
  mime: 
    dependency: "transitive"
    source: "hosted"
    version: "0.9.7"
    description: 
      name: "mime"
      url: "https://pub.dartlang.org"
  node_interop: 
    dependency: "transitive"
    source: "hosted"
    version: "1.2.1"
    description: 
      name: "node_interop"
      url: "https://pub.dartlang.org"
  node_io: 
    dependency: "transitive"
    source: "hosted"
    version: "1.2.0"
    description: 
      name: "node_io"
      url: "https://pub.dartlang.org"
  node_preamble: 
    dependency: "transitive"
    source: "hosted"
    version: "1.4.12"
    description: 
      name: "node_preamble"
      url: "https://pub.dartlang.org"
  package_config: 
    dependency: "transitive"
    source: "hosted"
    version: "1.9.3"
    description: 
      name: "package_config"
      url: "https://pub.dartlang.org"
  path: 
    dependency: "transitive"
    source: "hosted"
    version: "1.8.0-nullsafety.3"
    description: 
      name: "path"
      url: "https://pub.dartlang.org"
  pedantic: 
    dependency: "transitive"
    source: "hosted"
    version: "1.10.0-nullsafety.3"
    description: 
      name: "pedantic"
      url: "https://pub.dartlang.org"
  pool: 
    dependency: "transitive"
    source: "hosted"
    version: "1.5.0-nullsafety.3"
    description: 
      name: "pool"
      url: "https://pub.dartlang.org"
  pub_semver: 
    dependency: "transitive"
    source: "hosted"
    version: "1.4.4"
    description: 
      name: "pub_semver"
      url: "https://pub.dartlang.org"
  shelf: 
    dependency: "transitive"
    source: "hosted"
    version: "0.7.9"
    description: 
      name: "shelf"
      url: "https://pub.dartlang.org"
  shelf_packages_handler: 
    dependency: "transitive"
    source: "hosted"
    version: "2.0.0"
    description: 
      name: "shelf_packages_handler"
      url: "https://pub.dartlang.org"
  shelf_static: 
    dependency: "transitive"
    source: "hosted"
    version: "0.2.8"
    description: 
      name: "shelf_static"
      url: "https://pub.dartlang.org"
  shelf_web_socket: 
    dependency: "transitive"
    source: "hosted"
    version: "0.2.3"
    description: 
      name: "shelf_web_socket"
      url: "https://pub.dartlang.org"
  source_map_stack_trace: 
    dependency: "transitive"
    source: "hosted"
    version: "2.1.0-nullsafety.4"
    description: 
      name: "source_map_stack_trace"
      url: "https://pub.dartlang.org"
  source_maps: 
    dependency: "transitive"
    source: "hosted"
    version: "0.10.10-nullsafety.3"
    description: 
      name: "source_maps"
      url: "https://pub.dartlang.org"
  source_span: 
    dependency: "transitive"
    source: "hosted"
    version: "1.8.0-nullsafety.4"
    description: 
      name: "source_span"
      url: "https://pub.dartlang.org"
  stack_trace: 
    dependency: "transitive"
    source: "hosted"
    version: "1.10.0-nullsafety.6"
    description: 
      name: "stack_trace"
      url: "https://pub.dartlang.org"
  stream_channel: 
    dependency: "transitive"
    source: "hosted"
    version: "2.1.0-nullsafety.3"
    description: 
      name: "stream_channel"
      url: "https://pub.dartlang.org"
  string_scanner: 
    dependency: "transitive"
    source: "hosted"
    version: "1.1.0-nullsafety.3"
    description: 
      name: "string_scanner"
      url: "https://pub.dartlang.org"
  term_glyph: 
    dependency: "transitive"
    source: "hosted"
    version: "1.2.0-nullsafety.3"
    description: 
      name: "term_glyph"
      url: "https://pub.dartlang.org"
  test: 
    dependency: "direct dev"
    source: "hosted"
    version: "1.16.0-nullsafety.12"
    description: 
      name: "test"
      url: "https://pub.dartlang.org"
  test_api: 
    dependency: "transitive"
    source: "hosted"
    version: "0.2.19-nullsafety.6"
    description: 
      name: "test_api"
      url: "https://pub.dartlang.org"
  test_core: 
    dependency: "transitive"
    source: "hosted"
    version: "0.3.12-nullsafety.11"
    description: 
      name: "test_core"
      url: "https://pub.dartlang.org"
  typed_data: 
    dependency: "transitive"
    source: "hosted"
    version: "1.3.0-nullsafety.5"
    description: 
      name: "typed_data"
      url: "https://pub.dartlang.org"
  vm_service: 
    dependency: "transitive"
    source: "hosted"
    version: "5.5.0"
    description: 
      name: "vm_service"
      url: "https://pub.dartlang.org"
  watcher: 
    dependency: "transitive"
    source: "hosted"
    version: "0.9.7+15"
    description: 
      name: "watcher"
      url: "https://pub.dartlang.org"
  web_socket_channel: 
    dependency: "transitive"
    source: "hosted"
    version: "1.1.0"
    description: 
      name: "web_socket_channel"
      url: "https://pub.dartlang.org"
  webkit_inspection_protocol: 
    dependency: "transitive"
    source: "hosted"
    version: "0.7.4"
    description: 
      name: "webkit_inspection_protocol"
      url: "https://pub.dartlang.org"
  yaml: 
    dependency: "transitive"
    source: "hosted"
    version: "2.2.1"
    description: 
      name: "yaml"
      url: "https://pub.dartlang.org"
sdks: 
  dart: ">=2.12.0-0.0 <3.0.0"
